Microsoft Visual Studio Solution File, Format Version 12.00
# Visual Studio Version 17
VisualStudioVersion = 17.5.2.0
MinimumVisualStudioVersion = 10.0.40219.1
Project("{FAE04EC0-301F-11D3-BF4B-00C04F79EFBC}") = "MiniFatFs", "MiniFatFs.csproj", "{B5709B62-F253-D4AA-23B2-A236D8FFB4F0}"
EndProject
Global
	GlobalSection(SolutionConfigurationPlatforms) = preSolution
		Debug|Any CPU = Debug|Any CPU
		Release|Any CPU = Release|Any CPU
	EndGlobalSection
	GlobalSection(ProjectConfigurationPlatforms) = postSolution
		{B5709B62-F253-D4AA-23B2-A236D8FFB4F0}.Debug|Any CPU.ActiveCfg = Debug|Any CPU
		{B5709B62-F253-D4AA-23B2-A236D8FFB4F0}.Debug|Any CPU.Build.0 = Debug|Any CPU
		{B5709B62-F253-D4AA-23B2-A236D8FFB4F0}.Release|Any CPU.ActiveCfg = Release|Any CPU
		{B5709B62-F253-D4AA-23B2-A236D8FFB4F0}.Release|Any CPU.Build.0 = Release|Any CPU
	EndGlobalSection
	GlobalSection(SolutionProperties) = preSolution
		HideSolutionNode = FALSE
	EndGlobalSection
	GlobalSection(ExtensibilityGlobals) = postSolution
		SolutionGuid = {ED15BDD2-52C0-4234-B53C-9322B6254EDC}
	EndGlobalSection
EndGlobal
